
Microsoft Visual Studio Solution File, Format Version 12.00
# Visual Studio Version 17
VisualStudioVersion = 17.11.35327.3
MinimumVisualStudioVersion = 10.0.40219.1
Project("{FAE04EC0-301F-11D3-BF4B-00C04F79EFBC}") = "LinqLab", "LinqLab\LinqLab.csproj", "{617B3192-6473-46C4-978F-B5E958E41032}"
EndProject
Global
	GlobalSection(SolutionConfigurationPlatforms) = preSolution
		Debug|Any CPU = Debug|Any CPU
		Release|Any CPU = Release|Any CPU
	EndGlobalSection
	GlobalSection(ProjectConfigurationPlatforms) = postSolution
		{617B3192-6473-46C4-978F-B5E958E41032}.Debug|Any CPU.ActiveCfg = Debug|Any CPU
		{617B3192-6473-46C4-978F-B5E958E41032}.Debug|Any CPU.Build.0 = Debug|Any CPU
		{617B3192-6473-46C4-978F-B5E958E41032}.Release|Any CPU.ActiveCfg = Release|Any CPU
		{617B3192-6473-46C4-978F-B5E958E41032}.Release|Any CPU.Build.0 = Release|Any CPU
	EndGlobalSection
	GlobalSection(SolutionProperties) = preSolution
		HideSolutionNode = FALSE
	EndGlobalSection
	GlobalSection(ExtensibilityGlobals) = postSolution
		SolutionGuid = {75F4D99B-B507-452A-A559-A99001D296D6}
	EndGlobalSection
EndGlobal
